{
    "_readme": [
        "This file locks the dependencies of your project to a known state",
        "Read more about it at https://getcomposer.org/doc/01-basic-usage.md#installing-dependencies",
        "This file is @generated automatically"
    ],
    "content-hash": "9ccfa09aeb743c7d2eeb11d003ee938b",
    "packages": [
        {
            "name": "ghostwriter/collection",
            "version": "1.4.0",
            "source": {
                "type": "git",
                "url": "https://github.com/ghostwriter/collection.git",
                "reference": "489a8a81ba84a8e58900d11477a1604387927bb8"
            },
            "dist": {
                "type": "zip",
                "url": "https://api.github.com/repos/ghostwriter/collection/zipball/489a8a81ba84a8e58900d11477a1604387927bb8",
                "reference": "489a8a81ba84a8e58900d11477a1604387927bb8",
                "shasum": ""
            },
            "require": {
                "php": ">=8.1"
            },
            "require-dev": {
                "ghostwriter/coding-standard": "dev-main",
                "ghostwriter/psalm-plugin": "^0.1 || ^0.2 || ^1.0"
            },
            "type": "library",
            "autoload": {
                "psr-4": {
                    "Ghostwriter\\Collection\\": "src/"
                }
            },
            "notification-url": "https://packagist.org/downloads/",
            "license": [
                "BSD-3-Clause"
            ],
            "authors": [
                {
                    "name": "Nathanael Esayeas",
                    "email": "nathanael.esayeas@protonmail.com",
                    "homepage": "https://github.com/ghostwriter",
                    "role": "Developer"
                }
            ],
            "description": "Provides a Collection implementation for PHP",
            "homepage": "https://github.com/ghostwriter/collection",
            "keywords": [
                "collection",
                "ghostwriter"
            ],
            "support": {
                "docs": "https://github.com/ghostwriter/collection",
                "forum": "https://github.com/ghostwriter/collection/discussions",
                "issues": "https://github.com/ghostwriter/collection/issues",
                "rss": "https://github.com/ghostwriter/collection/releases.atom",
                "source": "https://github.com/ghostwriter/collection"
            },
            "funding": [
                {
                    "url": "https://github.com/sponsors/ghostwriter",
                    "type": "github"
                }
            ],
            "time": "2023-08-23T11:06:51+00:00"
        },
        {
            "name": "ghostwriter/container",
            "version": "1.6.0",
            "source": {
                "type": "git",
                "url": "https://github.com/ghostwriter/container.git",
                "reference": "22e64b70e3163eeda2506c06144cad2bef86e36c"
            },
            "dist": {
                "type": "zip",
                "url": "https://api.github.com/repos/ghostwriter/container/zipball/22e64b70e3163eeda2506c06144cad2bef86e36c",
                "reference": "22e64b70e3163eeda2506c06144cad2bef86e36c",
                "shasum": ""
            },
            "require": {
                "php": ">=8.1,<8.4"
            },
            "require-dev": {
                "ghostwriter/coding-standard": "dev-main"
            },
            "type": "library",
            "autoload": {
                "psr-4": {
                    "Ghostwriter\\Container\\": "src/"
                }
            },
            "notification-url": "https://packagist.org/downloads/",
            "license": [
                "BSD-3-Clause"
            ],
            "authors": [
                {
                    "name": "Nathanael Esayeas",
                    "email": "nathanael.esayeas@protonmail.com",
                    "homepage": "https://github.com/ghostwriter",
                    "role": "Developer"
                }
            ],
            "description": "Provides an extensible Dependency Injection Service Container.",
            "homepage": "https://github.com/ghostwriter/container",
            "keywords": [
                "container",
                "ghostwriter"
            ],
            "support": {
                "issues": "https://github.com/ghostwriter/container/issues",
                "source": "https://github.com/ghostwriter/container/tree/1.6.0"
            },
            "funding": [
                {
                    "url": "https://github.com/sponsors/ghostwriter",
                    "type": "github"
                }
            ],
            "time": "2023-07-26T13:24:57+00:00"
        },
        {
            "name": "ghostwriter/event-dispatcher",
            "version": "1.5.0",
            "source": {
                "type": "git",
                "url": "https://github.com/ghostwriter/event-dispatcher.git",
                "reference": "d612d5d8099c116d45c157a2a12de25b0d9ff69b"
            },
            "dist": {
                "type": "zip",
                "url": "https://api.github.com/repos/ghostwriter/event-dispatcher/zipball/d612d5d8099c116d45c157a2a12de25b0d9ff69b",
                "reference": "d612d5d8099c116d45c157a2a12de25b0d9ff69b",
                "shasum": ""
            },
            "require": {
                "ghostwriter/container": "^1.6",
                "ghostwriter/option": "^1.5.1",
                "php": ">=8.1 <8.4"
            },
            "require-dev": {
                "ghostwriter/coding-standard": "dev-main"
            },
            "type": "library",
            "autoload": {
                "psr-4": {
                    "Ghostwriter\\EventDispatcher\\": "src/"
                }
            },
            "notification-url": "https://packagist.org/downloads/",
            "license": [
                "BSD-3-Clause"
            ],
            "authors": [
                {
                    "name": "Nathanael Esayeas",
                    "email": "nathanael.esayeas@protonmail.com",
                    "homepage": "https://github.com/ghostwriter",
                    "role": "Developer"
                }
            ],
            "description": "Event Dispatcher implementation.",
            "keywords": [
                "event-dispatcher",
                "ghostwriter",
                "psr-14"
            ],
            "support": {
                "docs": "https://github.com/ghostwriter/event-dispatcher",
                "forum": "https://github.com/ghostwriter/event-dispatcher/discussions",
                "issues": "https://github.com/ghostwriter/event-dispatcher/issues",
                "rss": "https://github.com/ghostwriter/event-dispatcher/releases.atom",
                "source": "https://github.com/ghostwriter/event-dispatcher"
            },
            "funding": [
                {
                    "url": "https://github.com/sponsors/ghostwriter",
                    "type": "github"
                }
            ],
            "time": "2023-07-31T17:40:47+00:00"
        },
        {
            "name": "ghostwriter/json",
            "version": "1.1.0",
            "source": {
                "type": "git",
                "url": "https://github.com/ghostwriter/json.git",
                "reference": "154e982cbb4049dcd976d89fe9bdc9c7915e8cc2"
            },
            "dist": {
                "type": "zip",
                "url": "https://api.github.com/repos/ghostwriter/json/zipball/154e982cbb4049dcd976d89fe9bdc9c7915e8cc2",
                "reference": "154e982cbb4049dcd976d89fe9bdc9c7915e8cc2",
                "shasum": ""
            },
            "require": {
                "ext-json": "*",
                "php": ">=8.1,<8.3"
            },
            "require-dev": {
                "ghostwriter/coding-standard": "dev-main"
            },
            "type": "library",
            "autoload": {
                "psr-4": {
                    "Ghostwriter\\Json\\": "src/"
                }
            },
            "notification-url": "https://packagist.org/downloads/",
            "license": [
                "BSD-3-Clause"
            ],
            "authors": [
                {
                    "name": "Nathanael Esayeas",
                    "email": "nathanael.esayeas@protonmail.com",
                    "homepage": "https://github.com/ghostwriter",
                    "role": "Developer"
                }
            ],
            "description": "Safely encode and decode JSON",
            "homepage": "https://github.com/ghostwriter/json",
            "keywords": [
                "ghostwriter",
                "json"
            ],
            "support": {
                "docs": "https://github.com/ghostwriter/json",
                "forum": "https://github.com/ghostwriter/json/discussions",
                "issues": "https://github.com/ghostwriter/json/issues",
                "rss": "https://github.com/ghostwriter/json/releases.atom",
                "source": "https://github.com/ghostwriter/json"
            },
            "funding": [
                {
                    "url": "https://github.com/sponsors/ghostwriter",
                    "type": "github"
                }
            ],
            "time": "2023-01-17T03:26:10+00:00"
        },
        {
            "name": "ghostwriter/option",
            "version": "1.5.1",
            "source": {
                "type": "git",
                "url": "https://github.com/ghostwriter/option.git",
                "reference": "126c6ef6a87d0256a4806c2ef4e8985741a07577"
            },
            "dist": {
                "type": "zip",
                "url": "https://api.github.com/repos/ghostwriter/option/zipball/126c6ef6a87d0256a4806c2ef4e8985741a07577",
                "reference": "126c6ef6a87d0256a4806c2ef4e8985741a07577",
                "shasum": ""
            },
            "require": {
                "php": ">=8.1,<8.4"
            },
            "require-dev": {
                "ghostwriter/coding-standard": "dev-main"
            },
            "type": "library",
            "autoload": {
                "psr-4": {
                    "Ghostwriter\\Option\\": "src/"
                }
            },
            "notification-url": "https://packagist.org/downloads/",
            "license": [
                "MIT"
            ],
            "authors": [
                {
                    "name": "Nathanael Esayeas",
                    "email": "nathanael.esayeas@protonmail.com",
                    "homepage": "https://github.com/ghostwriter",
                    "role": "Developer"
                }
            ],
            "description": "Provides an Option type implementation for PHP",
            "homepage": "https://github.com/ghostwriter/option",
            "keywords": [
                "ghostwriter",
                "option"
            ],
            "support": {
                "docs": "https://github.com/ghostwriter/option",
                "forum": "https://github.com/ghostwriter/option/discussions",
                "issues": "https://github.com/ghostwriter/option/issues",
                "rss": "https://github.com/ghostwriter/option/releases.atom",
                "source": "https://github.com/ghostwriter/option"
            },
            "funding": [
                {
                    "url": "https://github.com/sponsors/ghostwriter",
                    "type": "github"
                }
            ],
            "time": "2023-07-05T19:51:28+00:00"
        },
        {
            "name": "ghostwriter/result",
            "version": "1.3.0",
            "source": {
                "type": "git",
                "url": "https://github.com/ghostwriter/result.git",
                "reference": "e922fe4cf5a5dc6b9e5a1f72bbfbe4ab7d630864"
            },
            "dist": {
                "type": "zip",
                "url": "https://api.github.com/repos/ghostwriter/result/zipball/e922fe4cf5a5dc6b9e5a1f72bbfbe4ab7d630864",
                "reference": "e922fe4cf5a5dc6b9e5a1f72bbfbe4ab7d630864",
                "shasum": ""
            },
            "require": {
                "ghostwriter/option": "^1.5.1",
                "php": ">=8.1,<8.4"
            },
            "require-dev": {
                "ghostwriter/coding-standard": "dev-main"
            },
            "type": "library",
            "autoload": {
                "psr-4": {
                    "Ghostwriter\\Result\\": "src/"
                }
            },
            "notification-url": "https://packagist.org/downloads/",
            "license": [
                "MIT"
            ],
            "authors": [
                {
                    "name": "Nathanael Esayeas",
                    "email": "nathanael.esayeas@protonmail.com",
                    "homepage": "https://github.com/ghostwriter",
                    "role": "Developer"
                }
            ],
            "description": "Provides a Result type implementation for PHP",
            "homepage": "https://github.com/ghostwriter/result",
            "keywords": [
                "ghostwriter",
                "result"
            ],
            "support": {
                "docs": "https://github.com/ghostwriter/result",
                "forum": "https://github.com/ghostwriter/result/discussions",
                "issues": "https://github.com/ghostwriter/result/issues",
                "rss": "https://github.com/ghostwriter/result/releases.atom",
                "source": "https://github.com/ghostwriter/result"
            },
            "funding": [
                {
                    "url": "https://github.com/sponsors/ghostwriter",
                    "type": "github"
                }
            ],
            "time": "2023-07-06T01:18:31+00:00"
        }
    ],
    "packages-dev": [
        {
            "name": "ghostwriter/coding-standard",
            "version": "dev-main",
            "source": {
                "type": "git",
                "url": "https://github.com/ghostwriter/coding-standard.git",
                "reference": "345a4b05e87a5af494b3d63c7ffef146fb2f7668"
            },
            "dist": {
                "type": "zip",
                "url": "https://api.github.com/repos/ghostwriter/coding-standard/zipball/345a4b05e87a5af494b3d63c7ffef146fb2f7668",
                "reference": "345a4b05e87a5af494b3d63c7ffef146fb2f7668",
                "shasum": ""
            },
            "require": {
                "php": ">=8.1"
            },
            "default-branch": true,
            "bin": [
                "tools/composer-normalize",
                "tools/composer-require-checker",
                "tools/composer-unused",
                "tools/infection",
                "tools/php-cs-fixer",
                "tools/phpbench",
                "tools/phpcbf",
                "tools/phpcs",
                "tools/psalm",
                "tools/phpunit"
            ],
            "type": "library",
            "notification-url": "https://packagist.org/downloads/",
            "license": [
                "BSD-3-Clause"
            ],
            "authors": [
                {
                    "name": "Nathanael Esayeas",
                    "email": "nathanael.esayeas@protonmail.com",
                    "homepage": "https://github.com/ghostwriter",
                    "role": "Developer"
                }
            ],
            "description": "PHP Coding Standard",
            "homepage": "https://github.com/ghostwriter/coding-standard",
            "keywords": [
                "coding-standard",
                "ghostwriter"
            ],
            "support": {
                "docs": "https://github.com/ghostwriter/coding-standard",
                "forum": "https://github.com/ghostwriter/coding-standard/discussions",
                "issues": "https://github.com/ghostwriter/coding-standard/issues",
                "rss": "https://github.com/ghostwriter/coding-standard/releases.atom",
                "source": "https://github.com/ghostwriter/coding-standard"
            },
            "funding": [
                {
                    "url": "https://github.com/sponsors/ghostwriter",
                    "type": "github"
                }
            ],
            "time": "2023-08-27T12:28:45+00:00"
        },
        {
            "name": "ghostwriter/psalm-plugin",
            "version": "0.2.0",
            "source": {
                "type": "git",
                "url": "https://github.com/ghostwriter/psalm-plugin.git",
                "reference": "c1e0e0110f2e8ad5dd3f4f8decd698dcd4803f60"
            },
            "dist": {
                "type": "zip",
                "url": "https://api.github.com/repos/ghostwriter/psalm-plugin/zipball/c1e0e0110f2e8ad5dd3f4f8decd698dcd4803f60",
                "reference": "c1e0e0110f2e8ad5dd3f4f8decd698dcd4803f60",
                "shasum": ""
            },
            "require": {
                "php": ">=8.1"
            },
            "replace": {
                "ghostwriter/example-psalm-plugin": "*",
                "ghostwriter/phpunit-psalm-plugin": "*"
            },
            "require-dev": {
                "ghostwriter/coding-standard": "dev-main",
                "ghostwriter/psalm-plugin-tester": "^0.2 || ^0.3 || ^1.0",
                "psr/container": "^1.1 || ^2.0",
                "vimeo/psalm": "^5.0 || ^6.0"
            },
            "type": "psalm-plugin",
            "extra": {
                "psalm": {
                    "pluginClass": "Ghostwriter\\PsalmPlugin\\Plugin"
                }
            },
            "autoload": {
                "psr-4": {
                    "Ghostwriter\\PsalmPlugin\\": "src/"
                }
            },
            "notification-url": "https://packagist.org/downloads/",
            "license": [
                "BSD-3-Clause"
            ],
            "authors": [
                {
                    "name": "Nathanael Esayeas",
                    "email": "nathanael.esayeas@protonmail.com",
                    "homepage": "https://github.com/ghostwriter",
                    "role": "Developer"
                }
            ],
            "description": "Provides a plugin for Psalm",
            "homepage": "https://github.com/ghostwriter/psalm-plugin",
            "keywords": [
                "dev",
                "ghostwriter",
                "psalm",
                "psalm-plugin",
                "static analysis"
            ],
            "support": {
                "docs": "https://github.com/ghostwriter/psalm-plugin",
                "forum": "https://github.com/ghostwriter/psalm-plugin/discussions",
                "issues": "https://github.com/ghostwriter/psalm-plugin/issues",
                "rss": "https://github.com/ghostwriter/psalm-plugin/releases.atom",
                "source": "https://github.com/ghostwriter/psalm-plugin"
            },
            "funding": [
                {
                    "url": "https://github.com/sponsors/ghostwriter",
                    "type": "github"
                }
            ],
            "time": "2023-08-27T13:19:25+00:00"
        }
    ],
    "aliases": [],
    "minimum-stability": "stable",
    "stability-flags": {
        "ghostwriter/coding-standard": 20
    },
    "prefer-stable": true,
    "prefer-lowest": false,
    "platform": {
        "php": ">=8.1"
    },
    "platform-dev": [],
    "platform-overrides": {
        "php": "8.1.999"
    },
    "plugin-api-version": "2.3.0"
}
